
Microsoft Visual Studio Solution File, Format Version 12.00
# Visual Studio 15
VisualStudioVersion = 15.0.28307.136
MinimumVisualStudioVersion = 10.0.40219.1
Project("{FAE04EC0-301F-11D3-BF4B-00C04F79EFBC}") = "GraniteHouse", "GraniteHouse\GraniteHouse.csproj", "{8E1D0F62-4E7E-4951-98A1-A0F2D102243C}"
EndProject
Global
	GlobalSection(SolutionConfigurationPlatforms) = preSolution
		Debug|Any CPU = Debug|Any CPU
		Release|Any CPU = Release|Any CPU
	EndGlobalSection
	GlobalSection(ProjectConfigurationPlatforms) = postSolution
		{8E1D0F62-4E7E-4951-98A1-A0F2D102243C}.Debug|Any CPU.ActiveCfg = Debug|Any CPU
		{8E1D0F62-4E7E-4951-98A1-A0F2D102243C}.Debug|Any CPU.Build.0 = Debug|Any CPU
		{8E1D0F62-4E7E-4951-98A1-A0F2D102243C}.Release|Any CPU.ActiveCfg = Release|Any CPU
		{8E1D0F62-4E7E-4951-98A1-A0F2D102243C}.Release|Any CPU.Build.0 = Release|Any CPU
	EndGlobalSection
	GlobalSection(SolutionProperties) = preSolution
		HideSolutionNode = FALSE
	EndGlobalSection
	GlobalSection(ExtensibilityGlobals) = postSolution
		SolutionGuid = {C5731085-9A38-45FD-ABEF-1F6E013D87A4}
	EndGlobalSection
EndGlobal
